
Microsoft Visual Studio Solution File, Format Version 12.00
# Visual Studio Version 16
VisualStudioVersion = 16.0.810.6
MinimumVisualStudioVersion = 10.0.40219.1
Project("{2150E333-8FDC-42A3-9474-1A3956D46DE8}") = "Solution Items", "Solution Items", "{75EE92AF-78BA-4758-B88D-439C65EDA1CB}"
EndProject
Project("{2150E333-8FDC-42A3-9474-1A3956D46DE8}") = "Services", "Services", "{7C27C7F7-BFED-4410-BFB3-88192D74ABA6}"
EndProject
Project("{2150E333-8FDC-42A3-9474-1A3956D46DE8}") = "Catalog", "Catalog", "{C8775127-3DB5-4B8E-B10B-EC714DF2C552}"
EndProject
Project("{FAE04EC0-301F-11D3-BF4B-00C04F79EFBC}") = "Catalog.API", "Services\Catalog\Catalog.API\Catalog.API.csproj", "{FD405C30-7E66-490A-8F07-BC29D3DB9300}"
EndProject
Project("{E53339B2-1760-4266-BCC7-CA923CBCF16C}") = "docker-compose", "docker-compose.dcproj", "{3EE86931-559D-4FE2-9463-8E35C6719B49}"
EndProject
Project("{2150E333-8FDC-42A3-9474-1A3956D46DE8}") = "Basket", "Basket", "{8B50DDC1-3437-433B-BB02-8398BB1CA64E}"
EndProject
Project("{FAE04EC0-301F-11D3-BF4B-00C04F79EFBC}") = "Basket.API", "Services\Basket\Basket.API\Basket.API.csproj", "{EB579084-489C-49ED-9115-61ADFF468961}"
EndProject
Global
	GlobalSection(SolutionConfigurationPlatforms) = preSolution
		Debug|Any CPU = Debug|Any CPU
		Release|Any CPU = Release|Any CPU
	EndGlobalSection
	GlobalSection(ProjectConfigurationPlatforms) = postSolution
		{FD405C30-7E66-490A-8F07-BC29D3DB9300}.Debug|Any CPU.ActiveCfg = Debug|Any CPU
		{FD405C30-7E66-490A-8F07-BC29D3DB9300}.Debug|Any CPU.Build.0 = Debug|Any CPU
		{FD405C30-7E66-490A-8F07-BC29D3DB9300}.Release|Any CPU.ActiveCfg = Release|Any CPU
		{FD405C30-7E66-490A-8F07-BC29D3DB9300}.Release|Any CPU.Build.0 = Release|Any CPU
		{3EE86931-559D-4FE2-9463-8E35C6719B49}.Debug|Any CPU.ActiveCfg = Debug|Any CPU
		{3EE86931-559D-4FE2-9463-8E35C6719B49}.Debug|Any CPU.Build.0 = Debug|Any CPU
		{3EE86931-559D-4FE2-9463-8E35C6719B49}.Release|Any CPU.ActiveCfg = Release|Any CPU
		{3EE86931-559D-4FE2-9463-8E35C6719B49}.Release|Any CPU.Build.0 = Release|Any CPU
		{EB579084-489C-49ED-9115-61ADFF468961}.Debug|Any CPU.ActiveCfg = Debug|Any CPU
		{EB579084-489C-49ED-9115-61ADFF468961}.Debug|Any CPU.Build.0 = Debug|Any CPU
		{EB579084-489C-49ED-9115-61ADFF468961}.Release|Any CPU.ActiveCfg = Release|Any CPU
		{EB579084-489C-49ED-9115-61ADFF468961}.Release|Any CPU.Build.0 = Release|Any CPU
	EndGlobalSection
	GlobalSection(SolutionProperties) = preSolution
		HideSolutionNode = FALSE
	EndGlobalSection
	GlobalSection(ExtensibilityGlobals) = postSolution
		SolutionGuid = {1B15097D-9C70-4E0C-A701-55995AD7566F}
	EndGlobalSection
	GlobalSection(NestedProjects) = preSolution
		{C8775127-3DB5-4B8E-B10B-EC714DF2C552} = {7C27C7F7-BFED-4410-BFB3-88192D74ABA6}
		{FD405C30-7E66-490A-8F07-BC29D3DB9300} = {C8775127-3DB5-4B8E-B10B-EC714DF2C552}
		{8B50DDC1-3437-433B-BB02-8398BB1CA64E} = {7C27C7F7-BFED-4410-BFB3-88192D74ABA6}
		{EB579084-489C-49ED-9115-61ADFF468961} = {8B50DDC1-3437-433B-BB02-8398BB1CA64E}
	EndGlobalSection
EndGlobal
