
Microsoft Visual Studio Solution File, Format Version 12.00
# Visual Studio Version 16
VisualStudioVersion = 16.0.810.6
MinimumVisualStudioVersion = 10.0.40219.1
Project("{2150E333-8FDC-42A3-9474-1A3956D46DE8}") = "Solution Items", "Solution Items", "{75EE92AF-78BA-4758-B88D-439C65EDA1CB}"
EndProject
Project("{2150E333-8FDC-42A3-9474-1A3956D46DE8}") = "Services", "Services", "{7C27C7F7-BFED-4410-BFB3-88192D74ABA6}"
EndProject
Project("{2150E333-8FDC-42A3-9474-1A3956D46DE8}") = "Catalog", "Catalog", "{C8775127-3DB5-4B8E-B10B-EC714DF2C552}"
EndProject
Project("{FAE04EC0-301F-11D3-BF4B-00C04F79EFBC}") = "Catalog.API", "Services\Catalog\Catalog.API\Catalog.API.csproj", "{FD405C30-7E66-490A-8F07-BC29D3DB9300}"
EndProject
Project("{E53339B2-1760-4266-BCC7-CA923CBCF16C}") = "docker-compose", "docker-compose.dcproj", "{3EE86931-559D-4FE2-9463-8E35C6719B49}"
EndProject
Project("{2150E333-8FDC-42A3-9474-1A3956D46DE8}") = "Basket", "Basket", "{8B50DDC1-3437-433B-BB02-8398BB1CA64E}"
EndProject
Project("{FAE04EC0-301F-11D3-BF4B-00C04F79EFBC}") = "Basket.API", "Services\Basket\Basket.API\Basket.API.csproj", "{EB579084-489C-49ED-9115-61ADFF468961}"
EndProject
Project("{2150E333-8FDC-42A3-9474-1A3956D46DE8}") = "Discount", "Discount", "{B6444A18-F621-44B0-90D5-B0F47736D450}"
EndProject
Project("{FAE04EC0-301F-11D3-BF4B-00C04F79EFBC}") = "Discount.API", "Services\Discount\Discount.API\Discount.API.csproj", "{8E24BB14-FAA0-40AF-BEB3-F258818BBC76}"
EndProject
Project("{FAE04EC0-301F-11D3-BF4B-00C04F79EFBC}") = "Discount.Grpc", "Services\Discount\Discount.Grpc\Discount.Grpc.csproj", "{DFA0A7D3-10C2-4435-B33A-9FA98F265E55}"
EndProject
Project("{2150E333-8FDC-42A3-9474-1A3956D46DE8}") = "Ordering", "Ordering", "{BAFF315C-F118-40E0-8A3E-4CF3E0625AD3}"
EndProject
Project("{FAE04EC0-301F-11D3-BF4B-00C04F79EFBC}") = "Ordering.Api", "Services\Ordering\Ordering.Api\Ordering.Api.csproj", "{E47F615B-B973-4BA7-82C9-EBD8B882A955}"
EndProject
Project("{FAE04EC0-301F-11D3-BF4B-00C04F79EFBC}") = "Ordering.Domain", "Services\Ordering\Ordering.Domain\Ordering.Domain.csproj", "{0D3B6E4A-17F5-412E-B535-6989D1CE3AF5}"
EndProject
Project("{FAE04EC0-301F-11D3-BF4B-00C04F79EFBC}") = "Ordering.Application", "Services\Ordering\Ordering.Application\Ordering.Application.csproj", "{87FDBBF8-ECF8-46CD-B2C2-6DB6C26DDA81}"
EndProject
Project("{FAE04EC0-301F-11D3-BF4B-00C04F79EFBC}") = "Ordering.Infrastructure", "Services\Ordering\Ordering.Infrastructure\Ordering.Infrastructure.csproj", "{72F4A05B-F315-4392-89A3-AD70A1D8EF1B}"
EndProject
Project("{2150E333-8FDC-42A3-9474-1A3956D46DE8}") = "BuildingBlocks", "BuildingBlocks", "{8847999F-A3D6-46A5-968E-C3023C2548FE}"
EndProject
Project("{FAE04EC0-301F-11D3-BF4B-00C04F79EFBC}") = "EventBus.Messages", "BuildingBlocks\EventBus.Messages\EventBus.Messages.csproj", "{A229DAA8-CB67-4874-AC86-C61502B98CF8}"
EndProject
Project("{2150E333-8FDC-42A3-9474-1A3956D46DE8}") = "ApiGateways", "ApiGateways", "{8B7422E7-83B5-48CC-B870-1E47272B5B24}"
EndProject
Project("{FAE04EC0-301F-11D3-BF4B-00C04F79EFBC}") = "OcelotApiGw", "ApiGateways\OcelotApiGw\OcelotApiGw.csproj", "{B7FB7760-D45E-438F-A9CA-87BEFF8BE991}"
EndProject
Project("{FAE04EC0-301F-11D3-BF4B-00C04F79EFBC}") = "Shopping.Aggregator", "ApiGateways\Shopping.Aggregator\Shopping.Aggregator.csproj", "{EC316BCA-B92E-45E4-A7EF-3F452779F0A8}"
EndProject
Project("{2150E333-8FDC-42A3-9474-1A3956D46DE8}") = "WebApps", "WebApps", "{4037F524-2026-4612-85FC-213E12CB71C0}"
EndProject
Project("{FAE04EC0-301F-11D3-BF4B-00C04F79EFBC}") = "AspnetRunBasics", "WebApps\AspnetRunBasics\AspnetRunBasics.csproj", "{6E4C8C25-D735-4208-B99D-A85416441FA6}"
EndProject
Global
	GlobalSection(SolutionConfigurationPlatforms) = preSolution
		Debug|Any CPU = Debug|Any CPU
		Release|Any CPU = Release|Any CPU
	EndGlobalSection
	GlobalSection(ProjectConfigurationPlatforms) = postSolution
		{FD405C30-7E66-490A-8F07-BC29D3DB9300}.Debug|Any CPU.ActiveCfg = Debug|Any CPU
		{FD405C30-7E66-490A-8F07-BC29D3DB9300}.Debug|Any CPU.Build.0 = Debug|Any CPU
		{FD405C30-7E66-490A-8F07-BC29D3DB9300}.Release|Any CPU.ActiveCfg = Release|Any CPU
		{FD405C30-7E66-490A-8F07-BC29D3DB9300}.Release|Any CPU.Build.0 = Release|Any CPU
		{3EE86931-559D-4FE2-9463-8E35C6719B49}.Debug|Any CPU.ActiveCfg = Debug|Any CPU
		{3EE86931-559D-4FE2-9463-8E35C6719B49}.Debug|Any CPU.Build.0 = Debug|Any CPU
		{3EE86931-559D-4FE2-9463-8E35C6719B49}.Release|Any CPU.ActiveCfg = Release|Any CPU
		{3EE86931-559D-4FE2-9463-8E35C6719B49}.Release|Any CPU.Build.0 = Release|Any CPU
		{EB579084-489C-49ED-9115-61ADFF468961}.Debug|Any CPU.ActiveCfg = Debug|Any CPU
		{EB579084-489C-49ED-9115-61ADFF468961}.Debug|Any CPU.Build.0 = Debug|Any CPU
		{EB579084-489C-49ED-9115-61ADFF468961}.Release|Any CPU.ActiveCfg = Release|Any CPU
		{EB579084-489C-49ED-9115-61ADFF468961}.Release|Any CPU.Build.0 = Release|Any CPU
		{8E24BB14-FAA0-40AF-BEB3-F258818BBC76}.Debug|Any CPU.ActiveCfg = Debug|Any CPU
		{8E24BB14-FAA0-40AF-BEB3-F258818BBC76}.Debug|Any CPU.Build.0 = Debug|Any CPU
		{8E24BB14-FAA0-40AF-BEB3-F258818BBC76}.Release|Any CPU.ActiveCfg = Release|Any CPU
		{8E24BB14-FAA0-40AF-BEB3-F258818BBC76}.Release|Any CPU.Build.0 = Release|Any CPU
		{DFA0A7D3-10C2-4435-B33A-9FA98F265E55}.Debug|Any CPU.ActiveCfg = Debug|Any CPU
		{DFA0A7D3-10C2-4435-B33A-9FA98F265E55}.Debug|Any CPU.Build.0 = Debug|Any CPU
		{DFA0A7D3-10C2-4435-B33A-9FA98F265E55}.Release|Any CPU.ActiveCfg = Release|Any CPU
		{DFA0A7D3-10C2-4435-B33A-9FA98F265E55}.Release|Any CPU.Build.0 = Release|Any CPU
		{E47F615B-B973-4BA7-82C9-EBD8B882A955}.Debug|Any CPU.ActiveCfg = Debug|Any CPU
		{E47F615B-B973-4BA7-82C9-EBD8B882A955}.Debug|Any CPU.Build.0 = Debug|Any CPU
		{E47F615B-B973-4BA7-82C9-EBD8B882A955}.Release|Any CPU.ActiveCfg = Release|Any CPU
		{E47F615B-B973-4BA7-82C9-EBD8B882A955}.Release|Any CPU.Build.0 = Release|Any CPU
		{0D3B6E4A-17F5-412E-B535-6989D1CE3AF5}.Debug|Any CPU.ActiveCfg = Debug|Any CPU
		{0D3B6E4A-17F5-412E-B535-6989D1CE3AF5}.Debug|Any CPU.Build.0 = Debug|Any CPU
		{0D3B6E4A-17F5-412E-B535-6989D1CE3AF5}.Release|Any CPU.ActiveCfg = Release|Any CPU
		{0D3B6E4A-17F5-412E-B535-6989D1CE3AF5}.Release|Any CPU.Build.0 = Release|Any CPU
		{87FDBBF8-ECF8-46CD-B2C2-6DB6C26DDA81}.Debug|Any CPU.ActiveCfg = Debug|Any CPU
		{87FDBBF8-ECF8-46CD-B2C2-6DB6C26DDA81}.Debug|Any CPU.Build.0 = Debug|Any CPU
		{87FDBBF8-ECF8-46CD-B2C2-6DB6C26DDA81}.Release|Any CPU.ActiveCfg = Release|Any CPU
		{87FDBBF8-ECF8-46CD-B2C2-6DB6C26DDA81}.Release|Any CPU.Build.0 = Release|Any CPU
		{72F4A05B-F315-4392-89A3-AD70A1D8EF1B}.Debug|Any CPU.ActiveCfg = Debug|Any CPU
		{72F4A05B-F315-4392-89A3-AD70A1D8EF1B}.Debug|Any CPU.Build.0 = Debug|Any CPU
		{72F4A05B-F315-4392-89A3-AD70A1D8EF1B}.Release|Any CPU.ActiveCfg = Release|Any CPU
		{72F4A05B-F315-4392-89A3-AD70A1D8EF1B}.Release|Any CPU.Build.0 = Release|Any CPU
		{A229DAA8-CB67-4874-AC86-C61502B98CF8}.Debug|Any CPU.ActiveCfg = Debug|Any CPU
		{A229DAA8-CB67-4874-AC86-C61502B98CF8}.Debug|Any CPU.Build.0 = Debug|Any CPU
		{A229DAA8-CB67-4874-AC86-C61502B98CF8}.Release|Any CPU.ActiveCfg = Release|Any CPU
		{A229DAA8-CB67-4874-AC86-C61502B98CF8}.Release|Any CPU.Build.0 = Release|Any CPU
		{B7FB7760-D45E-438F-A9CA-87BEFF8BE991}.Debug|Any CPU.ActiveCfg = Debug|Any CPU
		{B7FB7760-D45E-438F-A9CA-87BEFF8BE991}.Debug|Any CPU.Build.0 = Debug|Any CPU
		{B7FB7760-D45E-438F-A9CA-87BEFF8BE991}.Release|Any CPU.ActiveCfg = Release|Any CPU
		{B7FB7760-D45E-438F-A9CA-87BEFF8BE991}.Release|Any CPU.Build.0 = Release|Any CPU
		{EC316BCA-B92E-45E4-A7EF-3F452779F0A8}.Debug|Any CPU.ActiveCfg = Debug|Any CPU
		{EC316BCA-B92E-45E4-A7EF-3F452779F0A8}.Debug|Any CPU.Build.0 = Debug|Any CPU
		{EC316BCA-B92E-45E4-A7EF-3F452779F0A8}.Release|Any CPU.ActiveCfg = Release|Any CPU
		{EC316BCA-B92E-45E4-A7EF-3F452779F0A8}.Release|Any CPU.Build.0 = Release|Any CPU
		{6E4C8C25-D735-4208-B99D-A85416441FA6}.Debug|Any CPU.ActiveCfg = Debug|Any CPU
		{6E4C8C25-D735-4208-B99D-A85416441FA6}.Debug|Any CPU.Build.0 = Debug|Any CPU
		{6E4C8C25-D735-4208-B99D-A85416441FA6}.Release|Any CPU.ActiveCfg = Release|Any CPU
		{6E4C8C25-D735-4208-B99D-A85416441FA6}.Release|Any CPU.Build.0 = Release|Any CPU
	EndGlobalSection
	GlobalSection(SolutionProperties) = preSolution
		HideSolutionNode = FALSE
	EndGlobalSection
	GlobalSection(ExtensibilityGlobals) = postSolution
		SolutionGuid = {1B15097D-9C70-4E0C-A701-55995AD7566F}
	EndGlobalSection
	GlobalSection(NestedProjects) = preSolution
		{C8775127-3DB5-4B8E-B10B-EC714DF2C552} = {7C27C7F7-BFED-4410-BFB3-88192D74ABA6}
		{FD405C30-7E66-490A-8F07-BC29D3DB9300} = {C8775127-3DB5-4B8E-B10B-EC714DF2C552}
		{8B50DDC1-3437-433B-BB02-8398BB1CA64E} = {7C27C7F7-BFED-4410-BFB3-88192D74ABA6}
		{EB579084-489C-49ED-9115-61ADFF468961} = {8B50DDC1-3437-433B-BB02-8398BB1CA64E}
		{B6444A18-F621-44B0-90D5-B0F47736D450} = {7C27C7F7-BFED-4410-BFB3-88192D74ABA6}
		{8E24BB14-FAA0-40AF-BEB3-F258818BBC76} = {B6444A18-F621-44B0-90D5-B0F47736D450}
		{DFA0A7D3-10C2-4435-B33A-9FA98F265E55} = {B6444A18-F621-44B0-90D5-B0F47736D450}
		{BAFF315C-F118-40E0-8A3E-4CF3E0625AD3} = {7C27C7F7-BFED-4410-BFB3-88192D74ABA6}
		{E47F615B-B973-4BA7-82C9-EBD8B882A955} = {BAFF315C-F118-40E0-8A3E-4CF3E0625AD3}
		{0D3B6E4A-17F5-412E-B535-6989D1CE3AF5} = {BAFF315C-F118-40E0-8A3E-4CF3E0625AD3}
		{87FDBBF8-ECF8-46CD-B2C2-6DB6C26DDA81} = {BAFF315C-F118-40E0-8A3E-4CF3E0625AD3}
		{72F4A05B-F315-4392-89A3-AD70A1D8EF1B} = {BAFF315C-F118-40E0-8A3E-4CF3E0625AD3}
		{A229DAA8-CB67-4874-AC86-C61502B98CF8} = {8847999F-A3D6-46A5-968E-C3023C2548FE}
		{B7FB7760-D45E-438F-A9CA-87BEFF8BE991} = {8B7422E7-83B5-48CC-B870-1E47272B5B24}
		{EC316BCA-B92E-45E4-A7EF-3F452779F0A8} = {8B7422E7-83B5-48CC-B870-1E47272B5B24}
		{6E4C8C25-D735-4208-B99D-A85416441FA6} = {4037F524-2026-4612-85FC-213E12CB71C0}
	EndGlobalSection
EndGlobal
